// !$*UTF8*$!
{
	archiveVersion = 1;
	classes = {
	};
	objectVersion = 46;
	objects = {

/* Begin PBXBuildFile section */
		44701E031ECBE1910005BDB9 /* AppDelegate.swift in Sources */ = {isa = PBXBuildFile; fileRef = 44701E021ECBE1910005BDB9 /* AppDelegate.swift */; };
		44701E051ECBE1910005BDB9 /* ViewController.swift in Sources */ = {isa = PBXBuildFile; fileRef = 44701E041ECBE1910005BDB9 /* ViewController.swift */; };
		44701E081ECBE1910005BDB9 /* Main.storyboard in Resources */ = {isa = PBXBuildFile; fileRef = 44701E061ECBE1910005BDB9 /* Main.storyboard */; };
		44701E0A1ECBE1910005BDB9 /* Assets.xcassets in Resources */ = {isa = PBXBuildFile; fileRef = 44701E091ECBE1910005BDB9 /* Assets.xcassets */; };
		44701E0D1ECBE1910005BDB9 /* LaunchScreen.storyboard in Resources */ = {isa = PBXBuildFile; fileRef = 44701E0B1ECBE1910005BDB9 /* LaunchScreen.storyboard */; };
		44701E161ECBE1F20005BDB9 /* SpriteKit.framework in Frameworks */ = {isa = PBXBuildFile; fileRef = 44701E151ECBE1F20005BDB9 /* SpriteKit.framework */; };
		44AB1B511ECBE88100B015C1 /* GameScene.swift in Sources */ = {isa = PBXBuildFile; fileRef = 44AB1B501ECBE88100B015C1 /* GameScene.swift */; };
		44BC251A1ED2EF94007F3AA0 /* jump.mp3 in Resources */ = {isa = PBXBuildFile; fileRef = 44BC25191ED2EF94007F3AA0 /* jump.mp3 */; };
/* End PBXBuildFile section */

/* Begin PBXFileReference section */
		44701DFF1ECBE1910005BDB9 /* FlappyBird.app */ = {isa = PBXFileReference; explicitFileType = wrapper.application; includeInIndex = 0; path = FlappyBird.app; sourceTree = BUILT_PRODUCTS_DIR; };
		44701E021ECBE1910005BDB9 /* AppDelegate.swift */ = {isa = PBXFileReference; lastKnownFileType = sourcecode.swift; path = AppDelegate.swift; sourceTree = "<group>"; };
		44701E041ECBE1910005BDB9 /* ViewController.swift */ = {isa = PBXFileReference; lastKnownFileType = sourcecode.swift; path = ViewController.swift; sourceTree = "<group>"; };
		44701E071ECBE1910005BDB9 /* Base */ = {isa = PBXFileReference; lastKnownFileType = file.storyboard; name = Base; path = Base.lproj/Main.storyboard; sourceTree = "<group>"; };
		44701E091ECBE1910005BDB9 /* Assets.xcassets */ = {isa = PBXFileReference; lastKnownFileType = folder.assetcatalog; path = Assets.xcassets; sourceTree = "<group>"; };
		44701E0C1ECBE1910005BDB9 /* Base */ = {isa = PBXFileReference; lastKnownFileType = file.storyboard; name = Base; path = Base.lproj/LaunchScreen.storyboard; sourceTree = "<group>"; };
		44701E0E1ECBE1910005BDB9 /* Info.plist */ = {isa = PBXFileReference; lastKnownFileType = text.plist.xml; path = Info.plist; sourceTree = "<group>"; };
		44701E151ECBE1F20005BDB9 /* SpriteKit.framework */ = {isa = PBXFileReference; lastKnownFileType = wrapper.framework; name = SpriteKit.framework; path = System/Library/Frameworks/SpriteKit.framework; sourceTree = SDKROOT; };
		44AB1B501ECBE88100B015C1 /* GameScene.swift */ = {isa = PBXFileReference; fileEncoding = 4; lastKnownFileType = sourcecode.swift; path = GameScene.swift; sourceTree = "<group>"; };
		44BC25191ED2EF94007F3AA0 /* jump.mp3 */ = {isa = PBXFileReference; lastKnownFileType = audio.mp3; path = jump.mp3; sourceTree = "<group>"; };
/* End PBXFileReference section */

/* Begin PBXFrameworksBuildPhase section */
		44701DFC1ECBE1900005BDB9 /* Frameworks */ = {
			isa = PBXFrameworksBuildPhase;
			buildActionMask = 2147483647;
			files = (
				44701E161ECBE1F20005BDB9 /* SpriteKit.framework in Frameworks */,
			);
			runOnlyForDeploymentPostprocessing = 0;
		};
/* End PBXFrameworksBuildPhase section */

/* Begin PBXGroup section */
		44701DF61ECBE1900005BDB9 = {
			isa = PBXGroup;
			children = (
				44701E011ECBE1910005BDB9 /* FlappyBird */,
				44701E001ECBE1910005BDB9 /* Products */,
				44701E141ECBE1F20005BDB9 /* Frameworks */,
			);
			sourceTree = "<group>";
		};
		44701E001ECBE1910005BDB9 /* Products */ = {
			isa = PBXGroup;
			children = (
				44701DFF1ECBE1910005BDB9 /* FlappyBird.app */,
			);
			name = Products;
			sourceTree = "<group>";
		};
		44701E011ECBE1910005BDB9 /* FlappyBird */ = {
			isa = PBXGroup;
			children = (
				44BC25191ED2EF94007F3AA0 /* jump.mp3 */,
				44701E021ECBE1910005BDB9 /* AppDelegate.swift */,
				44701E041ECBE1910005BDB9 /* ViewController.swift */,
				44701E061ECBE1910005BDB9 /* Main.storyboard */,
				44701E091ECBE1910005BDB9 /* Assets.xcassets */,
				44AB1B501ECBE88100B015C1 /* GameScene.swift */,
				44701E0B1ECBE1910005BDB9 /* LaunchScreen.storyboard */,
				44701E0E1ECBE1910005BDB9 /* Info.plist */,
			);
			path = FlappyBird;
			sourceTree = "<group>";
		};
		44701E141ECBE1F20005BDB9 /* Frameworks */ = {
			isa = PBXGroup;
			children = (
				44701E151ECBE1F20005BDB9 /* SpriteKit.framework */,
			);
			name = Frameworks;
			sourceTree = "<group>";
		};
/* End PBXGroup section */

/* Begin PBXNativeTarget section */
		44701DFE1ECBE1900005BDB9 /* FlappyBird */ = {
			isa = PBXNativeTarget;
			buildConfigurationList = 44701E111ECBE1910005BDB9 /* Build configuration list for PBXNativeTarget "FlappyBird" */;
			buildPhases = (
				44701DFB1ECBE1900005BDB9 /* Sources */,
				44701DFC1ECBE1900005BDB9 /* Frameworks */,
				44701DFD1ECBE1900005BDB9 /* Resources */,
			);
			buildRules = (
			);
			dependencies = (
			);
			name = FlappyBird;
			productName = FlappyBird;
			productReference = 44701DFF1ECBE1910005BDB9 /* FlappyBird.app */;
			productType = "com.apple.product-type.application";
		};
/* End PBXNativeTarget section */

/* Begin PBXProject section */
		44701DF71ECBE1900005BDB9 /* Project object */ = {
			isa = PBXProject;
			attributes = {
				LastSwiftUpdateCheck = 0800;
				LastUpgradeCheck = 0800;
				ORGANIZATIONNAME = tocci14;
				TargetAttributes = {
					44701DFE1ECBE1900005BDB9 = {
						CreatedOnToolsVersion = 8.0;
						DevelopmentTeam = Z8VV9D3NTX;
						ProvisioningStyle = Automatic;
					};
				};
			};
			buildConfigurationList = 44701DFA1ECBE1900005BDB9 /* Build configuration list for PBXProject "FlappyBird" */;
			compatibilityVersion = "Xcode 3.2";
			developmentRegion = English;
			hasScannedForEncodings = 0;
			knownRegions = (
				en,
				Base,
			);
			mainGroup = 44701DF61ECBE1900005BDB9;
			productRefGroup = 44701E001ECBE1910005BDB9 /* Products */;
			projectDirPath = "";
			projectRoot = "";
			targets = (
				44701DFE1ECBE1900005BDB9 /* FlappyBird */,
			);
		};
/* End PBXProject section */

/* Begin PBXResourcesBuildPhase section */
		44701DFD1ECBE1900005BDB9 /* Resources */ = {
			isa = PBXResourcesBuildPhase;
			buildActionMask = 2147483647;
			files = (
				44701E0D1ECBE1910005BDB9 /* LaunchScreen.storyboard in Resources */,
				44701E0A1ECBE1910005BDB9 /* Assets.xcassets in Resources */,
				44BC251A1ED2EF94007F3AA0 /* jump.mp3 in Resources */,
				44701E081ECBE1910005BDB9 /* Main.storyboard in Resources */,
			);
			runOnlyForDeploymentPostprocessing = 0;
		};
/* End PBXResourcesBuildPhase section */

/* Begin PBXSourcesBuildPhase section */
		44701DFB1ECBE1900005BDB9 /* Sources */ = {
			isa = PBXSourcesBuildPhase;
			buildActionMask = 2147483647;
			files = (
				44AB1B511ECBE88100B015C1 /* GameScene.swift in Sources */,
				44701E051ECBE1910005BDB9 /* ViewController.swift in Sources */,
				44701E031ECBE1910005BDB9 /* AppDelegate.swift in Sources */,
			);
			runOnlyForDeploymentPostprocessing = 0;
		};
/* End PBXSourcesBuildPhase section */

/* Begin PBXVariantGroup section */
		44701E061ECBE1910005BDB9 /* Main.storyboard */ = {
			isa = PBXVariantGroup;
			children = (
				44701E071ECBE1910005BDB9 /* Base */,
			);
			name = Main.storyboard;
			sourceTree = "<group>";
		};
		44701E0B1ECBE1910005BDB9 /* LaunchScreen.storyboard */ = {
			isa = PBXVariantGroup;
			children = (
				44701E0C1ECBE1910005BDB9 /* Base */,
			);
			name = LaunchScreen.storyboard;
			sourceTree = "<group>";
		};
/* End PBXVariantGroup section */

/* Begin XCBuildConfiguration section */
		44701E0F1ECBE1910005BDB9 /* Debug */ = {
			isa = XCBuildConfiguration;
			buildSettings = {
				ALWAYS_SEARCH_USER_PATHS = NO;
				CLANG_ANALYZER_NONNULL = YES;
				CLANG_CXX_LANGUAGE_STANDARD = "gnu++0x";
				CLANG_CXX_LIBRARY = "libc++";
				CLANG_ENABLE_MODULES = YES;
				CLANG_ENABLE_OBJC_ARC = YES;
				CLANG_WARN_BOOL_CONVERSION = YES;
				CLANG_WARN_CONSTANT_CONVERSION = YES;
				CLANG_WARN_DIRECT_OBJC_ISA_USAGE = YES_ERROR;
				CLANG_WARN_DOCUMENTATION_COMMENTS = YES;
				CLANG_WARN_EMPTY_BODY = YES;
				CLANG_WARN_ENUM_CONVERSION = YES;
				CLANG_WARN_INFINITE_RECURSION = YES;
				CLANG_WARN_INT_CONVERSION = YES;
				CLANG_WARN_OBJC_ROOT_CLASS = YES_ERROR;
				CLANG_WARN_SUSPICIOUS_MOVES = YES;
				CLANG_WARN_UNREACHABLE_CODE = YES;
				CLANG_WARN__DUPLICATE_METHOD_MATCH = YES;
				"CODE_SIGN_IDENTITY[sdk=iphoneos*]" = "iPhone Developer";
				COPY_PHASE_STRIP = NO;
				DEBUG_INFORMATION_FORMAT = dwarf;
				ENABLE_STRICT_OBJC_MSGSEND = YES;
				ENABLE_TESTABILITY = YES;
				GCC_C_LANGUAGE_STANDARD = gnu99;
				GCC_DYNAMIC_NO_PIC = NO;
				GCC_NO_COMMON_BLOCKS = YES;
				GCC_OPTIMIZATION_LEVEL = 0;
				GCC_PREPROCESSOR_DEFINITIONS = (
					"DEBUG=1",
					"$(inherited)",
				);
				GCC_WARN_64_TO_32_BIT_CONVERSION = YES;
				GCC_WARN_ABOUT_RETURN_TYPE = YES_ERROR;
				GCC_WARN_UNDECLARED_SELECTOR = YES;
				GCC_WARN_UNINITIALIZED_AUTOS = YES_AGGRESSIVE;
				GCC_WARN_UNUSED_FUNCTION = YES;
				GCC_WARN_UNUSED_VARIABLE = YES;
				IPHONEOS_DEPLOYMENT_TARGET = 10.0;
				MTL_ENABLE_DEBUG_INFO = YES;
				ONLY_ACTIVE_ARCH = YES;
				SDKROOT = iphoneos;
				SWIFT_ACTIVE_COMPILATION_CONDITIONS = DEBUG;
				SWIFT_OPTIMIZATION_LEVEL = "-Onone";
			};
			name = Debug;
		};
		44701E101ECBE1910005BDB9 /* Release */ = {
			isa = XCBuildConfiguration;
			buildSettings = {
				ALWAYS_SEARCH_USER_PATHS = NO;
				CLANG_ANALYZER_NONNULL = YES;
				CLANG_CXX_LANGUAGE_STANDARD = "gnu++0x";
				CLANG_CXX_LIBRARY = "libc++";
				CLANG_ENABLE_MODULES = YES;
				CLANG_ENABLE_OBJC_ARC = YES;
				CLANG_WARN_BOOL_CONVERSION = YES;
				CLANG_WARN_CONSTANT_CONVERSION = YES;
				CLANG_WARN_DIRECT_OBJC_ISA_USAGE = YES_ERROR;
				CLANG_WARN_DOCUMENTATION_COMMENTS = YES;
				CLANG_WARN_EMPTY_BODY = YES;
				CLANG_WARN_ENUM_CONVERSION = YES;
				CLANG_WARN_INFINITE_RECURSION = YES;
				CLANG_WARN_INT_CONVERSION = YES;
				CLANG_WARN_OBJC_ROOT_CLASS = YES_ERROR;
				CLANG_WARN_SUSPICIOUS_MOVES = YES;
				CLANG_WARN_UNREACHABLE_CODE = YES;
				CLANG_WARN__DUPLICATE_METHOD_MATCH = YES;
				"CODE_SIGN_IDENTITY[sdk=iphoneos*]" = "iPhone Developer";
				COPY_PHASE_STRIP = NO;
				DEBUG_INFORMATION_FORMAT = "dwarf-with-dsym";
				ENABLE_NS_ASSERTIONS = NO;
				ENABLE_STRICT_OBJC_MSGSEND = YES;
				GCC_C_LANGUAGE_STANDARD = gnu99;
				GCC_NO_COMMON_BLOCKS = YES;
				GCC_WARN_64_TO_32_BIT_CONVERSION = YES;
				GCC_WARN_ABOUT_RETURN_TYPE = YES_ERROR;
				GCC_WARN_UNDECLARED_SELECTOR = YES;
				GCC_WARN_UNINITIALIZED_AUTOS = YES_AGGRESSIVE;
				GCC_WARN_UNUSED_FUNCTION = YES;
				GCC_WARN_UNUSED_VARIABLE = YES;
				IPHONEOS_DEPLOYMENT_TARGET = 10.0;
				MTL_ENABLE_DEBUG_INFO = NO;
				SDKROOT = iphoneos;
				SWIFT_OPTIMIZATION_LEVEL = "-Owholemodule";
				VALIDATE_PRODUCT = YES;
			};
			name = Release;
		};
		44701E121ECBE1910005BDB9 /* Debug */ = {
			isa = XCBuildConfiguration;
			buildSettings = {
				ASSETCATALOG_COMPILER_APPICON_NAME = AppIcon;
				DEVELOPMENT_TEAM = Z8VV9D3NTX;
				INFOPLIST_FILE = FlappyBird/Info.plist;
				LD_RUNPATH_SEARCH_PATHS = "$(inherited) @executable_path/Frameworks";
				PRODUCT_BUNDLE_IDENTIFIER = jp.techacademy.tocci14.FlappyBird;
				PRODUCT_NAME = "$(TARGET_NAME)";
				SWIFT_VERSION = 3.0;
			};
			name = Debug;
		};
		44701E131ECBE1910005BDB9 /* Release */ = {
			isa = XCBuildConfiguration;
			buildSettings = {
				ASSETCATALOG_COMPILER_APPICON_NAME = AppIcon;
				DEVELOPMENT_TEAM = Z8VV9D3NTX;
				INFOPLIST_FILE = FlappyBird/Info.plist;
				LD_RUNPATH_SEARCH_PATHS = "$(inherited) @executable_path/Frameworks";
				PRODUCT_BUNDLE_IDENTIFIER = jp.techacademy.tocci14.FlappyBird;
				PRODUCT_NAME = "$(TARGET_NAME)";
				SWIFT_VERSION = 3.0;
			};
			name = Release;
		};
/* End XCBuildConfiguration section */

/* Begin XCConfigurationList section */
		44701DFA1ECBE1900005BDB9 /* Build configuration list for PBXProject "FlappyBird" */ = {
			isa = XCConfigurationList;
			buildConfigurations = (
				44701E0F1ECBE1910005BDB9 /* Debug */,
				44701E101ECBE1910005BDB9 /* Release */,
			);
			defaultConfigurationIsVisible = 0;
			defaultConfigurationName = Release;
		};
		44701E111ECBE1910005BDB9 /* Build configuration list for PBXNativeTarget "FlappyBird" */ = {
			isa = XCConfigurationList;
			buildConfigurations = (
				44701E121ECBE1910005BDB9 /* Debug */,
				44701E131ECBE1910005BDB9 /* Release */,
			);
			defaultConfigurationIsVisible = 0;
			defaultConfigurationName = Release;
		};
/* End XCConfigurationList section */
	};
	rootObject = 44701DF71ECBE1900005BDB9 /* Project object */;
}
